
Microsoft Visual Studio Solution File, Format Version 12.00
# Visual Studio Version 17
VisualStudioVersion = 17.11.35303.130
MinimumVisualStudioVersion = 10.0.40219.1
Project("{FAE04EC0-301F-11D3-BF4B-00C04F79EFBC}") = "PRESERVICA.NASA.DEMO", "PRESERVICA.NASA.DEMO\PRESERVICA.NASA.DEMO.csproj", "{B0E6B34D-BAFF-40E3-B92E-260D538E2BF3}"
EndProject
Global
	GlobalSection(SolutionConfigurationPlatforms) = preSolution
		Debug|Any CPU = Debug|Any CPU
		Release|Any CPU = Release|Any CPU
	EndGlobalSection
	GlobalSection(ProjectConfigurationPlatforms) = postSolution
		{B0E6B34D-BAFF-40E3-B92E-260D538E2BF3}.Debug|Any CPU.ActiveCfg = Debug|Any CPU
		{B0E6B34D-BAFF-40E3-B92E-260D538E2BF3}.Debug|Any CPU.Build.0 = Debug|Any CPU
		{B0E6B34D-BAFF-40E3-B92E-260D538E2BF3}.Release|Any CPU.ActiveCfg = Release|Any CPU
		{B0E6B34D-BAFF-40E3-B92E-260D538E2BF3}.Release|Any CPU.Build.0 = Release|Any CPU
	EndGlobalSection
	GlobalSection(SolutionProperties) = preSolution
		HideSolutionNode = FALSE
	EndGlobalSection
	GlobalSection(ExtensibilityGlobals) = postSolution
		SolutionGuid = {EB1F5875-9AB6-4F8E-8246-B5A3C687D79F}
	EndGlobalSection
EndGlobal
